
Microsoft Visual Studio Solution File, Format Version 11.00
# Visual Studio 2010
Project("{FAE04EC0-301F-11D3-BF4B-00C04F79EFBC}") = "NurseryRhymePlayer", "NurseryRhymePlayer\NurseryRhymePlayer.csproj", "{3012FA17-A0A0-41B3-9727-6116CF908698}"
EndProject
Global
	GlobalSection(SolutionConfigurationPlatforms) = preSolution
		Debug|Any CPU = Debug|Any CPU
		Release|Any CPU = Release|Any CPU
	EndGlobalSection
	GlobalSection(ProjectConfigurationPlatforms) = postSolution
		{3012FA17-A0A0-41B3-9727-6116CF908698}.Debug|Any CPU.ActiveCfg = Debug|Any CPU
		{3012FA17-A0A0-41B3-9727-6116CF908698}.Debug|Any CPU.Build.0 = Debug|Any CPU
		{3012FA17-A0A0-41B3-9727-6116CF908698}.Release|Any CPU.ActiveCfg = Release|Any CPU
		{3012FA17-A0A0-41B3-9727-6116CF908698}.Release|Any CPU.Build.0 = Release|Any CPU
	EndGlobalSection
	GlobalSection(MonoDevelopProperties) = preSolution
		StartupItem = NurseryRhymePlayer\NurseryRhymePlayer.csproj
	EndGlobalSection
EndGlobal
